{
  "version": 4,
  "terraform_version": "1.14.6",
  "serial": 4,
  "lineage": "464f12b7-cf38-31c0-849f-e3f3104e7422",
  "outputs": {
    "configmap_name": {
      "value": "circle-guard-config",
      "type": "string"
    },
    "namespace_name": {
      "value": "circleguard-stage",
      "type": "string"
    }
  },
  "resources": [
    {
      "module": "module.configmap_stage",
      "mode": "managed",
      "type": "kubernetes_config_map",
      "name": "this",
      "provider": "provider[\"registry.terraform.io/hashicorp/kubernetes\"]",
      "instances": [
        {
          "schema_version": 0,
          "attributes": {
            "binary_data": null,
            "data": {
              "APP_VERSION": "1.0.0",
              "KAFKA_BOOTSTRAP_SERVERS": "host.docker.internal:9092",
              "LDAP_URL": "ldap://host.docker.internal:389",
              "LOG_LEVEL": "INFO",
              "NEO4J_URI": "bolt://host.docker.internal:7687",
              "POSTGRES_HOST": "host.docker.internal",
              "POSTGRES_PORT": "5432",
              "REDIS_HOST": "host.docker.internal",
              "REDIS_PORT": "6379",
              "SPRING_PROFILES_ACTIVE": "stage"
            },
            "id": "circleguard-stage/circle-guard-config",
            "immutable": false,
            "metadata": [
              {
                "annotations": null,
                "generate_name": "",
                "generation": 0,
                "labels": {
                  "environment": "stage",
                  "managed_by": "terraform",
                  "project": "circle-guard"
                },
                "name": "circle-guard-config",
                "namespace": "circleguard-stage",
                "resource_version": "186075",
                "uid": "791543a9-f426-4b2a-83f2-37d44867220a"
              }
            ]
          },
          "sensitive_attributes": [],
          "identity_schema_version": 1,
          "identity": {
            "api_version": "v1",
            "kind": "ConfigMap",
            "name": "circle-guard-config",
            "namespace": "circleguard-stage"
          },
          "private": "bnVsbA==",
          "dependencies": [
            "module.namespace_stage.kubernetes_namespace.this"
          ]
        }
      ]
    },
    {
      "module": "module.namespace_stage",
      "mode": "managed",
      "type": "kubernetes_namespace",
      "name": "this",
      "provider": "provider[\"registry.terraform.io/hashicorp/kubernetes\"]",
      "instances": [
        {
          "schema_version": 0,
          "attributes": {
            "id": "circleguard-stage",
            "metadata": [
              {
                "annotations": {},
                "generate_name": "",
                "generation": 0,
                "labels": {
                  "environment": "stage",
                  "managed_by": "terraform",
                  "project": "circle-guard"
                },
                "name": "circleguard-stage",
                "resource_version": "186074",
                "uid": "cc8b0e21-1673-4d50-8b26-a79161ff3111"
              }
            ],
            "timeouts": null,
            "wait_for_default_service_account": false
          },
          "sensitive_attributes": [],
          "identity_schema_version": 1,
          "identity": {
            "api_version": "v1",
            "kind": "Namespace",
            "name": "circleguard-stage"
          },
          "private": "eyJlMmJmYjczMC1lY2FhLTExZTYtOGY4OC0zNDM2M2JjN2M0YzAiOnsiZGVsZXRlIjozMDAwMDAwMDAwMDB9fQ=="
        }
      ]
    }
  ],
  "check_results": [
    {
      "object_kind": "var",
      "config_addr": "module.namespace_stage.var.environment",
      "status": "pass",
      "objects": [
        {
          "object_addr": "module.namespace_stage.var.environment",
          "status": "pass"
        }
      ]
    }
  ]
}
