{
  "version": 4,
  "terraform_version": "1.14.6",
  "serial": 4,
  "lineage": "f517c1da-ede8-c43d-7f0a-522cd9fcf635",
  "outputs": {
    "configmap_name": {
      "value": "circle-guard-config",
      "type": "string"
    },
    "namespace_name": {
      "value": "circleguard-master",
      "type": "string"
    }
  },
  "resources": [
    {
      "module": "module.configmap_master",
      "mode": "managed",
      "type": "kubernetes_config_map",
      "name": "this",
      "provider": "provider[\"registry.terraform.io/hashicorp/kubernetes\"]",
      "instances": [
        {
          "schema_version": 0,
          "attributes": {
            "binary_data": null,
            "data": {
              "APP_VERSION": "1.0.0",
              "KAFKA_BOOTSTRAP_SERVERS": "host.docker.internal:9092",
              "LDAP_URL": "ldap://host.docker.internal:389",
              "LOG_LEVEL": "WARN",
              "NEO4J_URI": "bolt://host.docker.internal:7687",
              "POSTGRES_HOST": "host.docker.internal",
              "POSTGRES_PORT": "5432",
              "REDIS_HOST": "host.docker.internal",
              "REDIS_PORT": "6379",
              "SPRING_PROFILES_ACTIVE": "prod"
            },
            "id": "circleguard-master/circle-guard-config",
            "immutable": false,
            "metadata": [
              {
                "annotations": null,
                "generate_name": "",
                "generation": 0,
                "labels": {
                  "environment": "master",
                  "managed_by": "terraform",
                  "project": "circle-guard"
                },
                "name": "circle-guard-config",
                "namespace": "circleguard-master",
                "resource_version": "186212",
                "uid": "187318c0-87f2-4d8b-a531-f7027260aea9"
              }
            ]
          },
          "sensitive_attributes": [],
          "identity_schema_version": 1,
          "identity": {
            "api_version": "v1",
            "kind": "ConfigMap",
            "name": "circle-guard-config",
            "namespace": "circleguard-master"
          },
          "private": "bnVsbA==",
          "dependencies": [
            "module.namespace_master.kubernetes_namespace.this"
          ]
        }
      ]
    },
    {
      "module": "module.namespace_master",
      "mode": "managed",
      "type": "kubernetes_namespace",
      "name": "this",
      "provider": "provider[\"registry.terraform.io/hashicorp/kubernetes\"]",
      "instances": [
        {
          "schema_version": 0,
          "attributes": {
            "id": "circleguard-master",
            "metadata": [
              {
                "annotations": {},
                "generate_name": "",
                "generation": 0,
                "labels": {
                  "environment": "master",
                  "managed_by": "terraform",
                  "project": "circle-guard"
                },
                "name": "circleguard-master",
                "resource_version": "186211",
                "uid": "cbc3686d-c71d-41d8-bb6f-aa507d2da503"
              }
            ],
            "timeouts": null,
            "wait_for_default_service_account": false
          },
          "sensitive_attributes": [],
          "identity_schema_version": 1,
          "identity": {
            "api_version": "v1",
            "kind": "Namespace",
            "name": "circleguard-master"
          },
          "private": "eyJlMmJmYjczMC1lY2FhLTExZTYtOGY4OC0zNDM2M2JjN2M0YzAiOnsiZGVsZXRlIjozMDAwMDAwMDAwMDB9fQ=="
        }
      ]
    }
  ],
  "check_results": [
    {
      "object_kind": "var",
      "config_addr": "module.namespace_master.var.environment",
      "status": "pass",
      "objects": [
        {
          "object_addr": "module.namespace_master.var.environment",
          "status": "pass"
        }
      ]
    }
  ]
}
