{
  "version": 4,
  "terraform_version": "1.14.6",
  "serial": 7,
  "lineage": "f1af4cd7-1c28-a193-6ee6-8813793ca79f",
  "outputs": {
    "configmap_name": {
      "value": "circle-guard-config",
      "type": "string"
    },
    "namespace_name": {
      "value": "circleguard",
      "type": "string"
    }
  },
  "resources": [
    {
      "module": "module.configmap_dev",
      "mode": "managed",
      "type": "kubernetes_config_map",
      "name": "this",
      "provider": "provider[\"registry.terraform.io/hashicorp/kubernetes\"]",
      "instances": [
        {
          "schema_version": 0,
          "attributes": {
            "binary_data": null,
            "data": {
              "APP_VERSION": "1.0.0",
              "KAFKA_BOOTSTRAP_SERVERS": "host.docker.internal:9092",
              "LDAP_URL": "ldap://host.docker.internal:389",
              "LOG_LEVEL": "DEBUG",
              "NEO4J_URI": "bolt://host.docker.internal:7687",
              "POSTGRES_HOST": "host.docker.internal",
              "POSTGRES_PORT": "5432",
              "REDIS_HOST": "host.docker.internal",
              "REDIS_PORT": "6379",
              "SPRING_PROFILES_ACTIVE": "dev"
            },
            "id": "circleguard/circle-guard-config",
            "immutable": false,
            "metadata": [
              {
                "annotations": null,
                "generate_name": "",
                "generation": 0,
                "labels": {
                  "environment": "dev",
                  "managed_by": "terraform",
                  "project": "circle-guard"
                },
                "name": "circle-guard-config",
                "namespace": "circleguard",
                "resource_version": "185592",
                "uid": "80a9fcec-cda2-437b-9fb2-71d4cf74804e"
              }
            ]
          },
          "sensitive_attributes": [],
          "identity_schema_version": 1,
          "identity": {
            "api_version": "v1",
            "kind": "ConfigMap",
            "name": "circle-guard-config",
            "namespace": "circleguard"
          },
          "private": "bnVsbA==",
          "dependencies": [
            "module.namespace_dev.kubernetes_namespace.this"
          ]
        }
      ]
    },
    {
      "module": "module.namespace_dev",
      "mode": "managed",
      "type": "kubernetes_namespace",
      "name": "this",
      "provider": "provider[\"registry.terraform.io/hashicorp/kubernetes\"]",
      "instances": [
        {
          "schema_version": 0,
          "attributes": {
            "id": "circleguard",
            "metadata": [
              {
                "annotations": {},
                "generate_name": "",
                "generation": 0,
                "labels": {
                  "environment": "dev",
                  "managed_by": "terraform",
                  "project": "circle-guard"
                },
                "name": "circleguard",
                "resource_version": "185591",
                "uid": "c0aac258-baa8-497c-81c7-0c88f871f4e8"
              }
            ],
            "timeouts": null,
            "wait_for_default_service_account": false
          },
          "sensitive_attributes": [],
          "identity_schema_version": 1,
          "identity": {
            "api_version": "v1",
            "kind": "Namespace",
            "name": "circleguard"
          },
          "private": "eyJlMmJmYjczMC1lY2FhLTExZTYtOGY4OC0zNDM2M2JjN2M0YzAiOnsiZGVsZXRlIjozMDAwMDAwMDAwMDB9fQ=="
        }
      ]
    }
  ],
  "check_results": [
    {
      "object_kind": "var",
      "config_addr": "module.namespace_dev.var.environment",
      "status": "pass",
      "objects": [
        {
          "object_addr": "module.namespace_dev.var.environment",
          "status": "pass"
        }
      ]
    }
  ]
}
